// !$*UTF8*$!
{
	archiveVersion = 1;
	classes = {
	};
	objectVersion = 50;
	objects = {

/* Begin PBXBuildFile section */
		35FD8B7D848E4797FEA52D08 /* Pods_dayly.framework in Frameworks */ = {isa = PBXBuildFile; fileRef = ED11046BD277A4E42A77C4A2 /* Pods_dayly.framework */; };
		BA5DC9AC2374BEDD0075C14A /* NetworkManager.swift in Sources */ = {isa = PBXBuildFile; fileRef = BA5DC9AB2374BEDD0075C14A /* NetworkManager.swift */; };
		BA6C1AD223874FD900478B6E /* DailyEntryTableViewCell.swift in Sources */ = {isa = PBXBuildFile; fileRef = BA6C1AD123874FD900478B6E /* DailyEntryTableViewCell.swift */; };
		BA6C1AD42387C54D00478B6E /* ProductsViewController.swift in Sources */ = {isa = PBXBuildFile; fileRef = BA6C1AD32387C54D00478B6E /* ProductsViewController.swift */; };
		BA6C1AD62387CE5200478B6E /* UIView+Extension.swift in Sources */ = {isa = PBXBuildFile; fileRef = BA6C1AD52387CE5200478B6E /* UIView+Extension.swift */; };
		BA7D124123793C74009AB2CA /* UIColor+Extension.swift in Sources */ = {isa = PBXBuildFile; fileRef = BA7D124023793C74009AB2CA /* UIColor+Extension.swift */; };
		BAA51D3A23822D1400BC582B /* DailyEntryViewController.swift in Sources */ = {isa = PBXBuildFile; fileRef = BAA51D3923822D1400BC582B /* DailyEntryViewController.swift */; };
		BAC9CE4D237E866400218083 /* TabBarController.swift in Sources */ = {isa = PBXBuildFile; fileRef = BAC9CE4C237E866400218083 /* TabBarController.swift */; };
		BAD9A1662363892300A225E1 /* AppDelegate.swift in Sources */ = {isa = PBXBuildFile; fileRef = BAD9A1652363892300A225E1 /* AppDelegate.swift */; };
		BAD9A1682363892300A225E1 /* HomeViewController.swift in Sources */ = {isa = PBXBuildFile; fileRef = BAD9A1672363892300A225E1 /* HomeViewController.swift */; };
		BAD9A16D2363892500A225E1 /* Assets.xcassets in Resources */ = {isa = PBXBuildFile; fileRef = BAD9A16C2363892500A225E1 /* Assets.xcassets */; };
		BAD9A1702363892500A225E1 /* LaunchScreen.storyboard in Resources */ = {isa = PBXBuildFile; fileRef = BAD9A16E2363892500A225E1 /* LaunchScreen.storyboard */; };
		BAD9A1792363897A00A225E1 /* HTTP.swift in Sources */ = {isa = PBXBuildFile; fileRef = BAD9A1782363897A00A225E1 /* HTTP.swift */; };
		BAD9A17B23638A1900A225E1 /* ParameterEncoder.swift in Sources */ = {isa = PBXBuildFile; fileRef = BAD9A17A23638A1900A225E1 /* ParameterEncoder.swift */; };
		BAD9A17D23638AEC00A225E1 /* Router.swift in Sources */ = {isa = PBXBuildFile; fileRef = BAD9A17C23638AEC00A225E1 /* Router.swift */; };
		BAD9A17F23638B4100A225E1 /* Service.swift in Sources */ = {isa = PBXBuildFile; fileRef = BAD9A17E23638B4100A225E1 /* Service.swift */; };
		BAF1FD54237B438100D708DE /* SDConstants.swift in Sources */ = {isa = PBXBuildFile; fileRef = BAF1FD53237B438100D708DE /* SDConstants.swift */; };
/* End PBXBuildFile section */

/* Begin PBXFileReference section */
		2244968CD246A525DDB46EB6 /* Pods-dayly.release.xcconfig */ = {isa = PBXFileReference; includeInIndex = 1; lastKnownFileType = text.xcconfig; name = "Pods-dayly.release.xcconfig"; path = "Pods/Target Support Files/Pods-dayly/Pods-dayly.release.xcconfig"; sourceTree = "<group>"; };
		39000860B28D99E6F8A4377F /* Pods-Mobile App.debug.xcconfig */ = {isa = PBXFileReference; includeInIndex = 1; lastKnownFileType = text.xcconfig; name = "Pods-Mobile App.debug.xcconfig"; path = "Pods/Target Support Files/Pods-Mobile App/Pods-Mobile App.debug.xcconfig"; sourceTree = "<group>"; };
		5F4E67EC140C8BEFB649E05A /* Pods_Mobile_App.framework */ = {isa = PBXFileReference; explicitFileType = wrapper.framework; includeInIndex = 0; path = Pods_Mobile_App.framework; sourceTree = BUILT_PRODUCTS_DIR; };
		79C0C11A0130D83C6C546867 /* Pods-dayly.debug.xcconfig */ = {isa = PBXFileReference; includeInIndex = 1; lastKnownFileType = text.xcconfig; name = "Pods-dayly.debug.xcconfig"; path = "Pods/Target Support Files/Pods-dayly/Pods-dayly.debug.xcconfig"; sourceTree = "<group>"; };
		BA5DC9AB2374BEDD0075C14A /* NetworkManager.swift */ = {isa = PBXFileReference; lastKnownFileType = sourcecode.swift; path = NetworkManager.swift; sourceTree = "<group>"; };
		BA6C1AD123874FD900478B6E /* DailyEntryTableViewCell.swift */ = {isa = PBXFileReference; lastKnownFileType = sourcecode.swift; path = DailyEntryTableViewCell.swift; sourceTree = "<group>"; };
		BA6C1AD32387C54D00478B6E /* ProductsViewController.swift */ = {isa = PBXFileReference; lastKnownFileType = sourcecode.swift; path = ProductsViewController.swift; sourceTree = "<group>"; };
		BA6C1AD52387CE5200478B6E /* UIView+Extension.swift */ = {isa = PBXFileReference; lastKnownFileType = sourcecode.swift; name = "UIView+Extension.swift"; path = "../UIView+Extension.swift"; sourceTree = "<group>"; };
		BA7D124023793C74009AB2CA /* UIColor+Extension.swift */ = {isa = PBXFileReference; lastKnownFileType = sourcecode.swift; path = "UIColor+Extension.swift"; sourceTree = "<group>"; };
		BAA51D3923822D1400BC582B /* DailyEntryViewController.swift */ = {isa = PBXFileReference; lastKnownFileType = sourcecode.swift; path = DailyEntryViewController.swift; sourceTree = "<group>"; };
		BAC9CE4C237E866400218083 /* TabBarController.swift */ = {isa = PBXFileReference; lastKnownFileType = sourcecode.swift; path = TabBarController.swift; sourceTree = "<group>"; };
		BAD9A1622363892300A225E1 /* dayly.app */ = {isa = PBXFileReference; explicitFileType = wrapper.application; includeInIndex = 0; path = dayly.app; sourceTree = BUILT_PRODUCTS_DIR; };
		BAD9A1652363892300A225E1 /* AppDelegate.swift */ = {isa = PBXFileReference; lastKnownFileType = sourcecode.swift; path = AppDelegate.swift; sourceTree = "<group>"; };
		BAD9A1672363892300A225E1 /* HomeViewController.swift */ = {isa = PBXFileReference; lastKnownFileType = sourcecode.swift; path = HomeViewController.swift; sourceTree = "<group>"; };
		BAD9A16C2363892500A225E1 /* Assets.xcassets */ = {isa = PBXFileReference; lastKnownFileType = folder.assetcatalog; path = Assets.xcassets; sourceTree = "<group>"; };
		BAD9A16F2363892500A225E1 /* Base */ = {isa = PBXFileReference; lastKnownFileType = file.storyboard; name = Base; path = Base.lproj/LaunchScreen.storyboard; sourceTree = "<group>"; };
		BAD9A1712363892500A225E1 /* Info.plist */ = {isa = PBXFileReference; lastKnownFileType = text.plist.xml; path = Info.plist; sourceTree = "<group>"; };
		BAD9A1782363897A00A225E1 /* HTTP.swift */ = {isa = PBXFileReference; lastKnownFileType = sourcecode.swift; path = HTTP.swift; sourceTree = "<group>"; };
		BAD9A17A23638A1900A225E1 /* ParameterEncoder.swift */ = {isa = PBXFileReference; lastKnownFileType = sourcecode.swift; path = ParameterEncoder.swift; sourceTree = "<group>"; };
		BAD9A17C23638AEC00A225E1 /* Router.swift */ = {isa = PBXFileReference; lastKnownFileType = sourcecode.swift; path = Router.swift; sourceTree = "<group>"; };
		BAD9A17E23638B4100A225E1 /* Service.swift */ = {isa = PBXFileReference; lastKnownFileType = sourcecode.swift; path = Service.swift; sourceTree = "<group>"; };
		BAF1FD53237B438100D708DE /* SDConstants.swift */ = {isa = PBXFileReference; lastKnownFileType = sourcecode.swift; path = SDConstants.swift; sourceTree = "<group>"; };
		ECDBC49DA1174F6C5B44574B /* Pods-Mobile App.release.xcconfig */ = {isa = PBXFileReference; includeInIndex = 1; lastKnownFileType = text.xcconfig; name = "Pods-Mobile App.release.xcconfig"; path = "Pods/Target Support Files/Pods-Mobile App/Pods-Mobile App.release.xcconfig"; sourceTree = "<group>"; };
		ED11046BD277A4E42A77C4A2 /* Pods_dayly.framework */ = {isa = PBXFileReference; explicitFileType = wrapper.framework; includeInIndex = 0; path = Pods_dayly.framework; sourceTree = BUILT_PRODUCTS_DIR; };
/* End PBXFileReference section */

/* Begin PBXFrameworksBuildPhase section */
		BAD9A15F2363892300A225E1 /* Frameworks */ = {
			isa = PBXFrameworksBuildPhase;
			buildActionMask = 2147483647;
			files = (
				35FD8B7D848E4797FEA52D08 /* Pods_dayly.framework in Frameworks */,
			);
			runOnlyForDeploymentPostprocessing = 0;
		};
/* End PBXFrameworksBuildPhase section */

/* Begin PBXGroup section */
		10DA4FD1448806C4C47CCEDF /* Pods */ = {
			isa = PBXGroup;
			children = (
				39000860B28D99E6F8A4377F /* Pods-Mobile App.debug.xcconfig */,
				ECDBC49DA1174F6C5B44574B /* Pods-Mobile App.release.xcconfig */,
				79C0C11A0130D83C6C546867 /* Pods-dayly.debug.xcconfig */,
				2244968CD246A525DDB46EB6 /* Pods-dayly.release.xcconfig */,
			);
			name = Pods;
			sourceTree = "<group>";
		};
		BA452D99237B41AD00FAA405 /* UI Constants */ = {
			isa = PBXGroup;
			children = (
				BAF1FD53237B438100D708DE /* SDConstants.swift */,
			);
			path = "UI Constants";
			sourceTree = "<group>";
		};
		BA7D124223793C8A009AB2CA /* Extension */ = {
			isa = PBXGroup;
			children = (
				BA7D124023793C74009AB2CA /* UIColor+Extension.swift */,
				BA6C1AD52387CE5200478B6E /* UIView+Extension.swift */,
			);
			path = Extension;
			sourceTree = "<group>";
		};
		BAD9A1592363892300A225E1 = {
			isa = PBXGroup;
			children = (
				BAD9A1642363892300A225E1 /* dayly */,
				BAD9A1632363892300A225E1 /* Products */,
				10DA4FD1448806C4C47CCEDF /* Pods */,
				FAD0D5DD99FF1F88D9AEB176 /* Frameworks */,
			);
			sourceTree = "<group>";
		};
		BAD9A1632363892300A225E1 /* Products */ = {
			isa = PBXGroup;
			children = (
				BAD9A1622363892300A225E1 /* dayly.app */,
			);
			name = Products;
			sourceTree = "<group>";
		};
		BAD9A1642363892300A225E1 /* dayly */ = {
			isa = PBXGroup;
			children = (
				BAD9A1772363894500A225E1 /* Networking */,
				BAD9A1652363892300A225E1 /* AppDelegate.swift */,
				BAD9A1672363892300A225E1 /* HomeViewController.swift */,
				BAC9CE4C237E866400218083 /* TabBarController.swift */,
				BAA51D3923822D1400BC582B /* DailyEntryViewController.swift */,
				BA6C1AD32387C54D00478B6E /* ProductsViewController.swift */,
				BA6C1AD123874FD900478B6E /* DailyEntryTableViewCell.swift */,
				BA452D99237B41AD00FAA405 /* UI Constants */,
				BA7D124223793C8A009AB2CA /* Extension */,
				BAD9A16C2363892500A225E1 /* Assets.xcassets */,
				BAD9A16E2363892500A225E1 /* LaunchScreen.storyboard */,
				BAD9A1712363892500A225E1 /* Info.plist */,
			);
			path = dayly;
			sourceTree = "<group>";
		};
		BAD9A1772363894500A225E1 /* Networking */ = {
			isa = PBXGroup;
			children = (
				BAD9A1782363897A00A225E1 /* HTTP.swift */,
				BA5DC9AB2374BEDD0075C14A /* NetworkManager.swift */,
				BAD9A17E23638B4100A225E1 /* Service.swift */,
				BAD9A17A23638A1900A225E1 /* ParameterEncoder.swift */,
				BAD9A17C23638AEC00A225E1 /* Router.swift */,
			);
			path = Networking;
			sourceTree = "<group>";
		};
		FAD0D5DD99FF1F88D9AEB176 /* Frameworks */ = {
			isa = PBXGroup;
			children = (
				5F4E67EC140C8BEFB649E05A /* Pods_Mobile_App.framework */,
				ED11046BD277A4E42A77C4A2 /* Pods_dayly.framework */,
			);
			name = Frameworks;
			sourceTree = "<group>";
		};
/* End PBXGroup section */

/* Begin PBXNativeTarget section */
		BAD9A1612363892300A225E1 /* dayly */ = {
			isa = PBXNativeTarget;
			buildConfigurationList = BAD9A1742363892500A225E1 /* Build configuration list for PBXNativeTarget "dayly" */;
			buildPhases = (
				9E3FD8E27208991288D959BA /* [CP] Check Pods Manifest.lock */,
				BAD9A15E2363892300A225E1 /* Sources */,
				BAD9A15F2363892300A225E1 /* Frameworks */,
				BAD9A1602363892300A225E1 /* Resources */,
				1330A22778D04DF6779043B4 /* [CP] Embed Pods Frameworks */,
			);
			buildRules = (
			);
			dependencies = (
			);
			name = dayly;
			productName = "Mobile App";
			productReference = BAD9A1622363892300A225E1 /* dayly.app */;
			productType = "com.apple.product-type.application";
		};
/* End PBXNativeTarget section */

/* Begin PBXProject section */
		BAD9A15A2363892300A225E1 /* Project object */ = {
			isa = PBXProject;
			attributes = {
				LastSwiftUpdateCheck = 1010;
				LastUpgradeCheck = 1010;
				ORGANIZATIONNAME = "Yeo Hwee Lin";
				TargetAttributes = {
					BAD9A1612363892300A225E1 = {
						CreatedOnToolsVersion = 10.1;
					};
				};
			};
			buildConfigurationList = BAD9A15D2363892300A225E1 /* Build configuration list for PBXProject "dayly" */;
			compatibilityVersion = "Xcode 9.3";
			developmentRegion = en;
			hasScannedForEncodings = 0;
			knownRegions = (
				en,
				Base,
			);
			mainGroup = BAD9A1592363892300A225E1;
			productRefGroup = BAD9A1632363892300A225E1 /* Products */;
			projectDirPath = "";
			projectRoot = "";
			targets = (
				BAD9A1612363892300A225E1 /* dayly */,
			);
		};
/* End PBXProject section */

/* Begin PBXResourcesBuildPhase section */
		BAD9A1602363892300A225E1 /* Resources */ = {
			isa = PBXResourcesBuildPhase;
			buildActionMask = 2147483647;
			files = (
				BAD9A1702363892500A225E1 /* LaunchScreen.storyboard in Resources */,
				BAD9A16D2363892500A225E1 /* Assets.xcassets in Resources */,
			);
			runOnlyForDeploymentPostprocessing = 0;
		};
/* End PBXResourcesBuildPhase section */

/* Begin PBXShellScriptBuildPhase section */
		1330A22778D04DF6779043B4 /* [CP] Embed Pods Frameworks */ = {
			isa = PBXShellScriptBuildPhase;
			buildActionMask = 2147483647;
			files = (
			);
			inputFileListPaths = (
			);
			inputPaths = (
				"${SRCROOT}/Pods/Target Support Files/Pods-dayly/Pods-dayly-frameworks.sh",
				"${BUILT_PRODUCTS_DIR}/SnapKit/SnapKit.framework",
			);
			name = "[CP] Embed Pods Frameworks";
			outputFileListPaths = (
			);
			outputPaths = (
				"${TARGET_BUILD_DIR}/${FRAMEWORKS_FOLDER_PATH}/SnapKit.framework",
			);
			runOnlyForDeploymentPostprocessing = 0;
			shellPath = /bin/sh;
			shellScript = "\"${SRCROOT}/Pods/Target Support Files/Pods-dayly/Pods-dayly-frameworks.sh\"\n";
			showEnvVarsInLog = 0;
		};
		9E3FD8E27208991288D959BA /* [CP] Check Pods Manifest.lock */ = {
			isa = PBXShellScriptBuildPhase;
			buildActionMask = 2147483647;
			files = (
			);
			inputFileListPaths = (
			);
			inputPaths = (
				"${PODS_PODFILE_DIR_PATH}/Podfile.lock",
				"${PODS_ROOT}/Manifest.lock",
			);
			name = "[CP] Check Pods Manifest.lock";
			outputFileListPaths = (
			);
			outputPaths = (
				"$(DERIVED_FILE_DIR)/Pods-dayly-checkManifestLockResult.txt",
			);
			runOnlyForDeploymentPostprocessing = 0;
			shellPath = /bin/sh;
			shellScript = "diff \"${PODS_PODFILE_DIR_PATH}/Podfile.lock\" \"${PODS_ROOT}/Manifest.lock\" > /dev/null\nif [ $? != 0 ] ; then\n    # print error to STDERR\n    echo \"error: The sandbox is not in sync with the Podfile.lock. Run 'pod install' or update your CocoaPods installation.\" >&2\n    exit 1\nfi\n# This output is used by Xcode 'outputs' to avoid re-running this script phase.\necho \"SUCCESS\" > \"${SCRIPT_OUTPUT_FILE_0}\"\n";
			showEnvVarsInLog = 0;
		};
/* End PBXShellScriptBuildPhase section */

/* Begin PBXSourcesBuildPhase section */
		BAD9A15E2363892300A225E1 /* Sources */ = {
			isa = PBXSourcesBuildPhase;
			buildActionMask = 2147483647;
			files = (
				BA6C1AD223874FD900478B6E /* DailyEntryTableViewCell.swift in Sources */,
				BAD9A1792363897A00A225E1 /* HTTP.swift in Sources */,
				BAD9A1682363892300A225E1 /* HomeViewController.swift in Sources */,
				BA6C1AD42387C54D00478B6E /* ProductsViewController.swift in Sources */,
				BAF1FD54237B438100D708DE /* SDConstants.swift in Sources */,
				BAD9A17D23638AEC00A225E1 /* Router.swift in Sources */,
				BAC9CE4D237E866400218083 /* TabBarController.swift in Sources */,
				BA5DC9AC2374BEDD0075C14A /* NetworkManager.swift in Sources */,
				BA6C1AD62387CE5200478B6E /* UIView+Extension.swift in Sources */,
				BAA51D3A23822D1400BC582B /* DailyEntryViewController.swift in Sources */,
				BAD9A17B23638A1900A225E1 /* ParameterEncoder.swift in Sources */,
				BAD9A1662363892300A225E1 /* AppDelegate.swift in Sources */,
				BAD9A17F23638B4100A225E1 /* Service.swift in Sources */,
				BA7D124123793C74009AB2CA /* UIColor+Extension.swift in Sources */,
			);
			runOnlyForDeploymentPostprocessing = 0;
		};
/* End PBXSourcesBuildPhase section */

/* Begin PBXVariantGroup section */
		BAD9A16E2363892500A225E1 /* LaunchScreen.storyboard */ = {
			isa = PBXVariantGroup;
			children = (
				BAD9A16F2363892500A225E1 /* Base */,
			);
			name = LaunchScreen.storyboard;
			sourceTree = "<group>";
		};
/* End PBXVariantGroup section */

/* Begin XCBuildConfiguration section */
		BAD9A1722363892500A225E1 /* Debug */ = {
			isa = XCBuildConfiguration;
			buildSettings = {
				ALWAYS_SEARCH_USER_PATHS = NO;
				CLANG_ANALYZER_NONNULL = YES;
				CLANG_ANALYZER_NUMBER_OBJECT_CONVERSION = YES_AGGRESSIVE;
				CLANG_CXX_LANGUAGE_STANDARD = "gnu++14";
				CLANG_CXX_LIBRARY = "libc++";
				CLANG_ENABLE_MODULES = YES;
				CLANG_ENABLE_OBJC_ARC = YES;
				CLANG_ENABLE_OBJC_WEAK = YES;
				CLANG_WARN_BLOCK_CAPTURE_AUTORELEASING = YES;
				CLANG_WARN_BOOL_CONVERSION = YES;
				CLANG_WARN_COMMA = YES;
				CLANG_WARN_CONSTANT_CONVERSION = YES;
				CLANG_WARN_DEPRECATED_OBJC_IMPLEMENTATIONS = YES;
				CLANG_WARN_DIRECT_OBJC_ISA_USAGE = YES_ERROR;
				CLANG_WARN_DOCUMENTATION_COMMENTS = YES;
				CLANG_WARN_EMPTY_BODY = YES;
				CLANG_WARN_ENUM_CONVERSION = YES;
				CLANG_WARN_INFINITE_RECURSION = YES;
				CLANG_WARN_INT_CONVERSION = YES;
				CLANG_WARN_NON_LITERAL_NULL_CONVERSION = YES;
				CLANG_WARN_OBJC_IMPLICIT_RETAIN_SELF = YES;
				CLANG_WARN_OBJC_LITERAL_CONVERSION = YES;
				CLANG_WARN_OBJC_ROOT_CLASS = YES_ERROR;
				CLANG_WARN_RANGE_LOOP_ANALYSIS = YES;
				CLANG_WARN_STRICT_PROTOTYPES = YES;
				CLANG_WARN_SUSPICIOUS_MOVE = YES;
				CLANG_WARN_UNGUARDED_AVAILABILITY = YES_AGGRESSIVE;
				CLANG_WARN_UNREACHABLE_CODE = YES;
				CLANG_WARN__DUPLICATE_METHOD_MATCH = YES;
				CODE_SIGN_IDENTITY = "iPhone Developer";
				COPY_PHASE_STRIP = NO;
				DEBUG_INFORMATION_FORMAT = dwarf;
				ENABLE_STRICT_OBJC_MSGSEND = YES;
				ENABLE_TESTABILITY = YES;
				GCC_C_LANGUAGE_STANDARD = gnu11;
				GCC_DYNAMIC_NO_PIC = NO;
				GCC_NO_COMMON_BLOCKS = YES;
				GCC_OPTIMIZATION_LEVEL = 0;
				GCC_PREPROCESSOR_DEFINITIONS = (
					"DEBUG=1",
					"$(inherited)",
				);
				GCC_WARN_64_TO_32_BIT_CONVERSION = YES;
				GCC_WARN_ABOUT_RETURN_TYPE = YES_ERROR;
				GCC_WARN_UNDECLARED_SELECTOR = YES;
				GCC_WARN_UNINITIALIZED_AUTOS = YES_AGGRESSIVE;
				GCC_WARN_UNUSED_FUNCTION = YES;
				GCC_WARN_UNUSED_VARIABLE = YES;
				IPHONEOS_DEPLOYMENT_TARGET = 12.1;
				MTL_ENABLE_DEBUG_INFO = INCLUDE_SOURCE;
				MTL_FAST_MATH = YES;
				ONLY_ACTIVE_ARCH = YES;
				SDKROOT = iphoneos;
				SWIFT_ACTIVE_COMPILATION_CONDITIONS = DEBUG;
				SWIFT_OPTIMIZATION_LEVEL = "-Onone";
			};
			name = Debug;
		};
		BAD9A1732363892500A225E1 /* Release */ = {
			isa = XCBuildConfiguration;
			buildSettings = {
				ALWAYS_SEARCH_USER_PATHS = NO;
				CLANG_ANALYZER_NONNULL = YES;
				CLANG_ANALYZER_NUMBER_OBJECT_CONVERSION = YES_AGGRESSIVE;
				CLANG_CXX_LANGUAGE_STANDARD = "gnu++14";
				CLANG_CXX_LIBRARY = "libc++";
				CLANG_ENABLE_MODULES = YES;
				CLANG_ENABLE_OBJC_ARC = YES;
				CLANG_ENABLE_OBJC_WEAK = YES;
				CLANG_WARN_BLOCK_CAPTURE_AUTORELEASING = YES;
				CLANG_WARN_BOOL_CONVERSION = YES;
				CLANG_WARN_COMMA = YES;
				CLANG_WARN_CONSTANT_CONVERSION = YES;
				CLANG_WARN_DEPRECATED_OBJC_IMPLEMENTATIONS = YES;
				CLANG_WARN_DIRECT_OBJC_ISA_USAGE = YES_ERROR;
				CLANG_WARN_DOCUMENTATION_COMMENTS = YES;
				CLANG_WARN_EMPTY_BODY = YES;
				CLANG_WARN_ENUM_CONVERSION = YES;
				CLANG_WARN_INFINITE_RECURSION = YES;
				CLANG_WARN_INT_CONVERSION = YES;
				CLANG_WARN_NON_LITERAL_NULL_CONVERSION = YES;
				CLANG_WARN_OBJC_IMPLICIT_RETAIN_SELF = YES;
				CLANG_WARN_OBJC_LITERAL_CONVERSION = YES;
				CLANG_WARN_OBJC_ROOT_CLASS = YES_ERROR;
				CLANG_WARN_RANGE_LOOP_ANALYSIS = YES;
				CLANG_WARN_STRICT_PROTOTYPES = YES;
				CLANG_WARN_SUSPICIOUS_MOVE = YES;
				CLANG_WARN_UNGUARDED_AVAILABILITY = YES_AGGRESSIVE;
				CLANG_WARN_UNREACHABLE_CODE = YES;
				CLANG_WARN__DUPLICATE_METHOD_MATCH = YES;
				CODE_SIGN_IDENTITY = "iPhone Developer";
				COPY_PHASE_STRIP = NO;
				DEBUG_INFORMATION_FORMAT = "dwarf-with-dsym";
				ENABLE_NS_ASSERTIONS = NO;
				ENABLE_STRICT_OBJC_MSGSEND = YES;
				GCC_C_LANGUAGE_STANDARD = gnu11;
				GCC_NO_COMMON_BLOCKS = YES;
				GCC_WARN_64_TO_32_BIT_CONVERSION = YES;
				GCC_WARN_ABOUT_RETURN_TYPE = YES_ERROR;
				GCC_WARN_UNDECLARED_SELECTOR = YES;
				GCC_WARN_UNINITIALIZED_AUTOS = YES_AGGRESSIVE;
				GCC_WARN_UNUSED_FUNCTION = YES;
				GCC_WARN_UNUSED_VARIABLE = YES;
				IPHONEOS_DEPLOYMENT_TARGET = 12.1;
				MTL_ENABLE_DEBUG_INFO = NO;
				MTL_FAST_MATH = YES;
				SDKROOT = iphoneos;
				SWIFT_COMPILATION_MODE = wholemodule;
				SWIFT_OPTIMIZATION_LEVEL = "-O";
				VALIDATE_PRODUCT = YES;
			};
			name = Release;
		};
		BAD9A1752363892500A225E1 /* Debug */ = {
			isa = XCBuildConfiguration;
			baseConfigurationReference = 79C0C11A0130D83C6C546867 /* Pods-dayly.debug.xcconfig */;
			buildSettings = {
				ASSETCATALOG_COMPILER_APPICON_NAME = AppIcon;
				CODE_SIGN_STYLE = Automatic;
				DEVELOPMENT_TEAM = Q8VHLMFG35;
				INFOPLIST_FILE = "$(SRCROOT)/dayly/Info.plist";
				LD_RUNPATH_SEARCH_PATHS = (
					"$(inherited)",
					"@executable_path/Frameworks",
				);
				PRODUCT_BUNDLE_IDENTIFIER = "hweelin-yeo.dayly";
				PRODUCT_NAME = "$(TARGET_NAME)";
				SWIFT_VERSION = 4.2;
				TARGETED_DEVICE_FAMILY = "1,2";
			};
			name = Debug;
		};
		BAD9A1762363892500A225E1 /* Release */ = {
			isa = XCBuildConfiguration;
			baseConfigurationReference = 2244968CD246A525DDB46EB6 /* Pods-dayly.release.xcconfig */;
			buildSettings = {
				ASSETCATALOG_COMPILER_APPICON_NAME = AppIcon;
				CODE_SIGN_STYLE = Automatic;
				DEVELOPMENT_TEAM = Q8VHLMFG35;
				INFOPLIST_FILE = "$(SRCROOT)/dayly/Info.plist";
				LD_RUNPATH_SEARCH_PATHS = (
					"$(inherited)",
					"@executable_path/Frameworks",
				);
				PRODUCT_BUNDLE_IDENTIFIER = "hweelin-yeo.dayly";
				PRODUCT_NAME = "$(TARGET_NAME)";
				SWIFT_VERSION = 4.2;
				TARGETED_DEVICE_FAMILY = "1,2";
			};
			name = Release;
		};
/* End XCBuildConfiguration section */

/* Begin XCConfigurationList section */
		BAD9A15D2363892300A225E1 /* Build configuration list for PBXProject "dayly" */ = {
			isa = XCConfigurationList;
			buildConfigurations = (
				BAD9A1722363892500A225E1 /* Debug */,
				BAD9A1732363892500A225E1 /* Release */,
			);
			defaultConfigurationIsVisible = 0;
			defaultConfigurationName = Release;
		};
		BAD9A1742363892500A225E1 /* Build configuration list for PBXNativeTarget "dayly" */ = {
			isa = XCConfigurationList;
			buildConfigurations = (
				BAD9A1752363892500A225E1 /* Debug */,
				BAD9A1762363892500A225E1 /* Release */,
			);
			defaultConfigurationIsVisible = 0;
			defaultConfigurationName = Release;
		};
/* End XCConfigurationList section */
	};
	rootObject = BAD9A15A2363892300A225E1 /* Project object */;
}
